
Microsoft Visual Studio Solution File, Format Version 12.00
# Visual Studio Version 17
VisualStudioVersion = 17.9.34714.143
MinimumVisualStudioVersion = 10.0.40219.1
Project("{9A19103F-16F7-4668-BE54-9A1E7A4F7556}") = "technoMarket", "technoMarket\technoMarket.csproj", "{87B4D854-32FC-4DEB-8C25-AE9DF4F13C1A}"
EndProject
Project("{9A19103F-16F7-4668-BE54-9A1E7A4F7556}") = "TechnoMarket.Domain", "TechnoMarket.Domain\TechnoMarket.Domain.csproj", "{135F18DD-4666-4E59-A456-88F0BDE73298}"
EndProject
Project("{9A19103F-16F7-4668-BE54-9A1E7A4F7556}") = "TechnoMarket.Application", "TechnoMarket.Application\TechnoMarket.Application.csproj", "{88FC24FE-8B4E-4F6B-9A10-0A70AE9D2106}"
EndProject
Project("{FAE04EC0-301F-11D3-BF4B-00C04F79EFBC}") = "TechnoMarket.InfraStructure", "TechnoMarket.InfraStructure\TechnoMarket.InfraStructure.csproj", "{36932177-4E3D-4EBB-93D3-CAC398D684C7}"
EndProject
Global
	GlobalSection(SolutionConfigurationPlatforms) = preSolution
		Debug|Any CPU = Debug|Any CPU
		Release|Any CPU = Release|Any CPU
	EndGlobalSection
	GlobalSection(ProjectConfigurationPlatforms) = postSolution
		{87B4D854-32FC-4DEB-8C25-AE9DF4F13C1A}.Debug|Any CPU.ActiveCfg = Debug|Any CPU
		{87B4D854-32FC-4DEB-8C25-AE9DF4F13C1A}.Debug|Any CPU.Build.0 = Debug|Any CPU
		{87B4D854-32FC-4DEB-8C25-AE9DF4F13C1A}.Release|Any CPU.ActiveCfg = Release|Any CPU
		{87B4D854-32FC-4DEB-8C25-AE9DF4F13C1A}.Release|Any CPU.Build.0 = Release|Any CPU
		{135F18DD-4666-4E59-A456-88F0BDE73298}.Debug|Any CPU.ActiveCfg = Debug|Any CPU
		{135F18DD-4666-4E59-A456-88F0BDE73298}.Debug|Any CPU.Build.0 = Debug|Any CPU
		{135F18DD-4666-4E59-A456-88F0BDE73298}.Release|Any CPU.ActiveCfg = Release|Any CPU
		{135F18DD-4666-4E59-A456-88F0BDE73298}.Release|Any CPU.Build.0 = Release|Any CPU
		{88FC24FE-8B4E-4F6B-9A10-0A70AE9D2106}.Debug|Any CPU.ActiveCfg = Debug|Any CPU
		{88FC24FE-8B4E-4F6B-9A10-0A70AE9D2106}.Debug|Any CPU.Build.0 = Debug|Any CPU
		{88FC24FE-8B4E-4F6B-9A10-0A70AE9D2106}.Release|Any CPU.ActiveCfg = Release|Any CPU
		{88FC24FE-8B4E-4F6B-9A10-0A70AE9D2106}.Release|Any CPU.Build.0 = Release|Any CPU
		{36932177-4E3D-4EBB-93D3-CAC398D684C7}.Debug|Any CPU.ActiveCfg = Debug|Any CPU
		{36932177-4E3D-4EBB-93D3-CAC398D684C7}.Debug|Any CPU.Build.0 = Debug|Any CPU
		{36932177-4E3D-4EBB-93D3-CAC398D684C7}.Release|Any CPU.ActiveCfg = Release|Any CPU
		{36932177-4E3D-4EBB-93D3-CAC398D684C7}.Release|Any CPU.Build.0 = Release|Any CPU
	EndGlobalSection
	GlobalSection(SolutionProperties) = preSolution
		HideSolutionNode = FALSE
	EndGlobalSection
	GlobalSection(ExtensibilityGlobals) = postSolution
		SolutionGuid = {AE168C83-A1FF-4CEC-924A-FD983E2DBEAD}
	EndGlobalSection
EndGlobal
